
Microsoft Visual Studio Solution File, Format Version 12.00
# Visual Studio Version 16
VisualStudioVersion = 16.0.33423.256
MinimumVisualStudioVersion = 10.0.40219.1
Project("{FAE04EC0-301F-11D3-BF4B-00C04F79EFBC}") = "PracticeCourses", "PracticeCourses\PracticeCourses.csproj", "{FD9B99A8-AB7B-419E-933F-2FBB402949C4}"
EndProject
Global
	GlobalSection(SolutionConfigurationPlatforms) = preSolution
		Debug|Any CPU = Debug|Any CPU
		Release|Any CPU = Release|Any CPU
	EndGlobalSection
	GlobalSection(ProjectConfigurationPlatforms) = postSolution
		{FD9B99A8-AB7B-419E-933F-2FBB402949C4}.Debug|Any CPU.ActiveCfg = Debug|Any CPU
		{FD9B99A8-AB7B-419E-933F-2FBB402949C4}.Debug|Any CPU.Build.0 = Debug|Any CPU
		{FD9B99A8-AB7B-419E-933F-2FBB402949C4}.Release|Any CPU.ActiveCfg = Release|Any CPU
		{FD9B99A8-AB7B-419E-933F-2FBB402949C4}.Release|Any CPU.Build.0 = Release|Any CPU
	EndGlobalSection
	GlobalSection(SolutionProperties) = preSolution
		HideSolutionNode = FALSE
	EndGlobalSection
	GlobalSection(ExtensibilityGlobals) = postSolution
		SolutionGuid = {A39CA25A-E62B-4F6D-8C8B-395BB686448D}
	EndGlobalSection
EndGlobal
